
Microsoft Visual Studio Solution File, Format Version 12.00
# Visual Studio 14
VisualStudioVersion = 14.0.25420.1
MinimumVisualStudioVersion = 10.0.40219.1
Project("{8BC9CEB8-8B4A-11D0-8D11-00A0C91BC942}") = "CircularQueue", "CircularQueue\CircularQueue.vcxproj", "{3413BCE9-E957-4B3A-8573-295AD0D0FF78}"
EndProject
Project("{8BC9CEB8-8B4A-11D0-8D11-00A0C91BC942}") = "MemoryPool", "MemoryPool\MemoryPool.vcxproj", "{E6094861-FF99-4278-8DEF-6F14114F3B20}"
EndProject
Project("{8BC9CEB8-8B4A-11D0-8D11-00A0C91BC942}") = "Service", "Service\Service.vcxproj", "{1160BEC6-07AE-454A-BB41-22B045DD228F}"
EndProject
Project("{8BC9CEB8-8B4A-11D0-8D11-00A0C91BC942}") = "TestIocp", "TestIocp\TestIocp.vcxproj", "{CFBC5683-708A-409F-B9C6-865F02FD5175}"
EndProject
Global
	GlobalSection(SolutionConfigurationPlatforms) = preSolution
		Debug|x64 = Debug|x64
		Debug|x86 = Debug|x86
		Release|x64 = Release|x64
		Release|x86 = Release|x86
	EndGlobalSection
	GlobalSection(ProjectConfigurationPlatforms) = postSolution
		{3413BCE9-E957-4B3A-8573-295AD0D0FF78}.Debug|x64.ActiveCfg = Debug|x64
		{3413BCE9-E957-4B3A-8573-295AD0D0FF78}.Debug|x64.Build.0 = Debug|x64
		{3413BCE9-E957-4B3A-8573-295AD0D0FF78}.Debug|x86.ActiveCfg = Debug|Win32
		{3413BCE9-E957-4B3A-8573-295AD0D0FF78}.Debug|x86.Build.0 = Debug|Win32
		{3413BCE9-E957-4B3A-8573-295AD0D0FF78}.Release|x64.ActiveCfg = Release|x64
		{3413BCE9-E957-4B3A-8573-295AD0D0FF78}.Release|x64.Build.0 = Release|x64
		{3413BCE9-E957-4B3A-8573-295AD0D0FF78}.Release|x86.ActiveCfg = Release|Win32
		{3413BCE9-E957-4B3A-8573-295AD0D0FF78}.Release|x86.Build.0 = Release|Win32
		{E6094861-FF99-4278-8DEF-6F14114F3B20}.Debug|x64.ActiveCfg = Debug|x64
		{E6094861-FF99-4278-8DEF-6F14114F3B20}.Debug|x64.Build.0 = Debug|x64
		{E6094861-FF99-4278-8DEF-6F14114F3B20}.Debug|x86.ActiveCfg = Debug|Win32
		{E6094861-FF99-4278-8DEF-6F14114F3B20}.Debug|x86.Build.0 = Debug|Win32
		{E6094861-FF99-4278-8DEF-6F14114F3B20}.Release|x64.ActiveCfg = Release|x64
		{E6094861-FF99-4278-8DEF-6F14114F3B20}.Release|x64.Build.0 = Release|x64
		{E6094861-FF99-4278-8DEF-6F14114F3B20}.Release|x86.ActiveCfg = Release|Win32
		{E6094861-FF99-4278-8DEF-6F14114F3B20}.Release|x86.Build.0 = Release|Win32
		{1160BEC6-07AE-454A-BB41-22B045DD228F}.Debug|x64.ActiveCfg = Debug|x64
		{1160BEC6-07AE-454A-BB41-22B045DD228F}.Debug|x64.Build.0 = Debug|x64
		{1160BEC6-07AE-454A-BB41-22B045DD228F}.Debug|x86.ActiveCfg = Debug|Win32
		{1160BEC6-07AE-454A-BB41-22B045DD228F}.Debug|x86.Build.0 = Debug|Win32
		{1160BEC6-07AE-454A-BB41-22B045DD228F}.Release|x64.ActiveCfg = Release|x64
		{1160BEC6-07AE-454A-BB41-22B045DD228F}.Release|x64.Build.0 = Release|x64
		{1160BEC6-07AE-454A-BB41-22B045DD228F}.Release|x86.ActiveCfg = Release|Win32
		{1160BEC6-07AE-454A-BB41-22B045DD228F}.Release|x86.Build.0 = Release|Win32
		{CFBC5683-708A-409F-B9C6-865F02FD5175}.Debug|x64.ActiveCfg = Debug|x64
		{CFBC5683-708A-409F-B9C6-865F02FD5175}.Debug|x64.Build.0 = Debug|x64
		{CFBC5683-708A-409F-B9C6-865F02FD5175}.Debug|x86.ActiveCfg = Debug|Win32
		{CFBC5683-708A-409F-B9C6-865F02FD5175}.Debug|x86.Build.0 = Debug|Win32
		{CFBC5683-708A-409F-B9C6-865F02FD5175}.Release|x64.ActiveCfg = Release|x64
		{CFBC5683-708A-409F-B9C6-865F02FD5175}.Release|x64.Build.0 = Release|x64
		{CFBC5683-708A-409F-B9C6-865F02FD5175}.Release|x86.ActiveCfg = Release|Win32
		{CFBC5683-708A-409F-B9C6-865F02FD5175}.Release|x86.Build.0 = Release|Win32
	EndGlobalSection
	GlobalSection(SolutionProperties) = preSolution
		HideSolutionNode = FALSE
	EndGlobalSection
EndGlobal
